
Microsoft Visual Studio Solution File, Format Version 11.00
# Visual Studio 2010
Project("{FAE04EC0-301F-11D3-BF4B-00C04F79EFBC}") = "Thetis", "Thetis\Thetis.csproj", "{AF99591B-9361-4BD9-9F0C-9206564E6B77}"
EndProject
Project("{FAE04EC0-301F-11D3-BF4B-00C04F79EFBC}") = "IrcLib", "IrcLib\IrcLib.csproj", "{30204A5A-1C63-4783-ADFD-762CBEC8526E}"
EndProject
Project("{FAE04EC0-301F-11D3-BF4B-00C04F79EFBC}") = "Thetis.Core", "Thetis.Core\Thetis.Core.csproj", "{105C794C-3785-47EB-87A7-2A9B8255A3AC}"
EndProject
Project("{FAE04EC0-301F-11D3-BF4B-00C04F79EFBC}") = "Thetis.Plugin", "Thetis.Plugin\Thetis.Plugin.csproj", "{F92A7EC2-2FED-4654-93E3-0A0AAB8481D4}"
EndProject
Project("{FAE04EC0-301F-11D3-BF4B-00C04F79EFBC}") = "Thetis.Google", "Thetis.Google\Thetis.Google.csproj", "{7C4DCC60-1E1C-457E-BFC8-975AFAFCE7A8}"
EndProject
Project("{FAE04EC0-301F-11D3-BF4B-00C04F79EFBC}") = "Thetis.Client", "Thetis.Client\Thetis.Client.csproj", "{BDEF7D39-25C3-4A85-A8D7-7AA55CC1426B}"
EndProject
Global
	GlobalSection(SolutionConfigurationPlatforms) = preSolution
		Debug|Any CPU = Debug|Any CPU
		Debug|Mixed Platforms = Debug|Mixed Platforms
		Debug|x86 = Debug|x86
		Release|Any CPU = Release|Any CPU
		Release|Mixed Platforms = Release|Mixed Platforms
		Release|x86 = Release|x86
	EndGlobalSection
	GlobalSection(ProjectConfigurationPlatforms) = postSolution
		{AF99591B-9361-4BD9-9F0C-9206564E6B77}.Debug|Any CPU.ActiveCfg = Debug|x86
		{AF99591B-9361-4BD9-9F0C-9206564E6B77}.Debug|Mixed Platforms.ActiveCfg = Debug|x86
		{AF99591B-9361-4BD9-9F0C-9206564E6B77}.Debug|Mixed Platforms.Build.0 = Debug|x86
		{AF99591B-9361-4BD9-9F0C-9206564E6B77}.Debug|x86.ActiveCfg = Debug|x86
		{AF99591B-9361-4BD9-9F0C-9206564E6B77}.Debug|x86.Build.0 = Debug|x86
		{AF99591B-9361-4BD9-9F0C-9206564E6B77}.Release|Any CPU.ActiveCfg = Release|x86
		{AF99591B-9361-4BD9-9F0C-9206564E6B77}.Release|Mixed Platforms.ActiveCfg = Release|x86
		{AF99591B-9361-4BD9-9F0C-9206564E6B77}.Release|Mixed Platforms.Build.0 = Release|x86
		{AF99591B-9361-4BD9-9F0C-9206564E6B77}.Release|x86.ActiveCfg = Release|x86
		{AF99591B-9361-4BD9-9F0C-9206564E6B77}.Release|x86.Build.0 = Release|x86
		{30204A5A-1C63-4783-ADFD-762CBEC8526E}.Debug|Any CPU.ActiveCfg = Debug|Any CPU
		{30204A5A-1C63-4783-ADFD-762CBEC8526E}.Debug|Any CPU.Build.0 = Debug|Any CPU
		{30204A5A-1C63-4783-ADFD-762CBEC8526E}.Debug|Mixed Platforms.ActiveCfg = Debug|Any CPU
		{30204A5A-1C63-4783-ADFD-762CBEC8526E}.Debug|Mixed Platforms.Build.0 = Debug|Any CPU
		{30204A5A-1C63-4783-ADFD-762CBEC8526E}.Debug|x86.ActiveCfg = Debug|Any CPU
		{30204A5A-1C63-4783-ADFD-762CBEC8526E}.Release|Any CPU.ActiveCfg = Release|Any CPU
		{30204A5A-1C63-4783-ADFD-762CBEC8526E}.Release|Any CPU.Build.0 = Release|Any CPU
		{30204A5A-1C63-4783-ADFD-762CBEC8526E}.Release|Mixed Platforms.ActiveCfg = Release|Any CPU
		{30204A5A-1C63-4783-ADFD-762CBEC8526E}.Release|Mixed Platforms.Build.0 = Release|Any CPU
		{30204A5A-1C63-4783-ADFD-762CBEC8526E}.Release|x86.ActiveCfg = Release|Any CPU
		{105C794C-3785-47EB-87A7-2A9B8255A3AC}.Debug|Any CPU.ActiveCfg = Debug|Any CPU
		{105C794C-3785-47EB-87A7-2A9B8255A3AC}.Debug|Any CPU.Build.0 = Debug|Any CPU
		{105C794C-3785-47EB-87A7-2A9B8255A3AC}.Debug|Mixed Platforms.ActiveCfg = Debug|Any CPU
		{105C794C-3785-47EB-87A7-2A9B8255A3AC}.Debug|Mixed Platforms.Build.0 = Debug|Any CPU
		{105C794C-3785-47EB-87A7-2A9B8255A3AC}.Debug|x86.ActiveCfg = Debug|Any CPU
		{105C794C-3785-47EB-87A7-2A9B8255A3AC}.Release|Any CPU.ActiveCfg = Release|Any CPU
		{105C794C-3785-47EB-87A7-2A9B8255A3AC}.Release|Any CPU.Build.0 = Release|Any CPU
		{105C794C-3785-47EB-87A7-2A9B8255A3AC}.Release|Mixed Platforms.ActiveCfg = Release|Any CPU
		{105C794C-3785-47EB-87A7-2A9B8255A3AC}.Release|Mixed Platforms.Build.0 = Release|Any CPU
		{105C794C-3785-47EB-87A7-2A9B8255A3AC}.Release|x86.ActiveCfg = Release|Any CPU
		{F92A7EC2-2FED-4654-93E3-0A0AAB8481D4}.Debug|Any CPU.ActiveCfg = Debug|Any CPU
		{F92A7EC2-2FED-4654-93E3-0A0AAB8481D4}.Debug|Any CPU.Build.0 = Debug|Any CPU
		{F92A7EC2-2FED-4654-93E3-0A0AAB8481D4}.Debug|Mixed Platforms.ActiveCfg = Debug|Any CPU
		{F92A7EC2-2FED-4654-93E3-0A0AAB8481D4}.Debug|Mixed Platforms.Build.0 = Debug|Any CPU
		{F92A7EC2-2FED-4654-93E3-0A0AAB8481D4}.Debug|x86.ActiveCfg = Debug|Any CPU
		{F92A7EC2-2FED-4654-93E3-0A0AAB8481D4}.Release|Any CPU.ActiveCfg = Release|Any CPU
		{F92A7EC2-2FED-4654-93E3-0A0AAB8481D4}.Release|Any CPU.Build.0 = Release|Any CPU
		{F92A7EC2-2FED-4654-93E3-0A0AAB8481D4}.Release|Mixed Platforms.ActiveCfg = Release|Any CPU
		{F92A7EC2-2FED-4654-93E3-0A0AAB8481D4}.Release|Mixed Platforms.Build.0 = Release|Any CPU
		{F92A7EC2-2FED-4654-93E3-0A0AAB8481D4}.Release|x86.ActiveCfg = Release|Any CPU
		{7C4DCC60-1E1C-457E-BFC8-975AFAFCE7A8}.Debug|Any CPU.ActiveCfg = Debug|Any CPU
		{7C4DCC60-1E1C-457E-BFC8-975AFAFCE7A8}.Debug|Any CPU.Build.0 = Debug|Any CPU
		{7C4DCC60-1E1C-457E-BFC8-975AFAFCE7A8}.Debug|Mixed Platforms.ActiveCfg = Debug|Any CPU
		{7C4DCC60-1E1C-457E-BFC8-975AFAFCE7A8}.Debug|Mixed Platforms.Build.0 = Debug|Any CPU
		{7C4DCC60-1E1C-457E-BFC8-975AFAFCE7A8}.Debug|x86.ActiveCfg = Debug|Any CPU
		{7C4DCC60-1E1C-457E-BFC8-975AFAFCE7A8}.Debug|x86.Build.0 = Debug|Any CPU
		{7C4DCC60-1E1C-457E-BFC8-975AFAFCE7A8}.Release|Any CPU.ActiveCfg = Release|Any CPU
		{7C4DCC60-1E1C-457E-BFC8-975AFAFCE7A8}.Release|Any CPU.Build.0 = Release|Any CPU
		{7C4DCC60-1E1C-457E-BFC8-975AFAFCE7A8}.Release|Mixed Platforms.ActiveCfg = Release|Any CPU
		{7C4DCC60-1E1C-457E-BFC8-975AFAFCE7A8}.Release|Mixed Platforms.Build.0 = Release|Any CPU
		{7C4DCC60-1E1C-457E-BFC8-975AFAFCE7A8}.Release|x86.ActiveCfg = Release|Any CPU
		{7C4DCC60-1E1C-457E-BFC8-975AFAFCE7A8}.Release|x86.Build.0 = Release|Any CPU
		{BDEF7D39-25C3-4A85-A8D7-7AA55CC1426B}.Debug|Any CPU.ActiveCfg = Debug|x86
		{BDEF7D39-25C3-4A85-A8D7-7AA55CC1426B}.Debug|Mixed Platforms.ActiveCfg = Debug|x86
		{BDEF7D39-25C3-4A85-A8D7-7AA55CC1426B}.Debug|Mixed Platforms.Build.0 = Debug|x86
		{BDEF7D39-25C3-4A85-A8D7-7AA55CC1426B}.Debug|x86.ActiveCfg = Debug|x86
		{BDEF7D39-25C3-4A85-A8D7-7AA55CC1426B}.Debug|x86.Build.0 = Debug|x86
		{BDEF7D39-25C3-4A85-A8D7-7AA55CC1426B}.Release|Any CPU.ActiveCfg = Release|x86
		{BDEF7D39-25C3-4A85-A8D7-7AA55CC1426B}.Release|Mixed Platforms.ActiveCfg = Release|x86
		{BDEF7D39-25C3-4A85-A8D7-7AA55CC1426B}.Release|Mixed Platforms.Build.0 = Release|x86
		{BDEF7D39-25C3-4A85-A8D7-7AA55CC1426B}.Release|x86.ActiveCfg = Release|x86
		{BDEF7D39-25C3-4A85-A8D7-7AA55CC1426B}.Release|x86.Build.0 = Release|x86
	EndGlobalSection
	GlobalSection(SolutionProperties) = preSolution
		HideSolutionNode = FALSE
	EndGlobalSection
	GlobalSection(MonoDevelopProperties) = preSolution
		StartupItem = Thetis\Thetis.csproj
	EndGlobalSection
EndGlobal
